
Microsoft Visual Studio Solution File, Format Version 12.00
# Visual Studio Version 16
VisualStudioVersion = 16.0.29306.81
MinimumVisualStudioVersion = 10.0.40219.1
Project("{9A19103F-16F7-4668-BE54-9A1E7A4F7556}") = "Chainify", "chainify\Chainify.csproj", "{26FF70A3-3EE0-4A40-A784-F7F0866CCDEA}"
EndProject
Project("{FAE04EC0-301F-11D3-BF4B-00C04F79EFBC}") = "Chainify.Tests", "Chainify.Tests\Chainify.Tests.csproj", "{E2FC8438-B7F8-4C67-B519-FC8287EC6D41}"
EndProject
Global
	GlobalSection(SolutionConfigurationPlatforms) = preSolution
		Debug|Any CPU = Debug|Any CPU
		Release|Any CPU = Release|Any CPU
	EndGlobalSection
	GlobalSection(ProjectConfigurationPlatforms) = postSolution
		{26FF70A3-3EE0-4A40-A784-F7F0866CCDEA}.Debug|Any CPU.ActiveCfg = Debug|Any CPU
		{26FF70A3-3EE0-4A40-A784-F7F0866CCDEA}.Debug|Any CPU.Build.0 = Debug|Any CPU
		{26FF70A3-3EE0-4A40-A784-F7F0866CCDEA}.Release|Any CPU.ActiveCfg = Release|Any CPU
		{26FF70A3-3EE0-4A40-A784-F7F0866CCDEA}.Release|Any CPU.Build.0 = Release|Any CPU
		{E2FC8438-B7F8-4C67-B519-FC8287EC6D41}.Debug|Any CPU.ActiveCfg = Debug|Any CPU
		{E2FC8438-B7F8-4C67-B519-FC8287EC6D41}.Debug|Any CPU.Build.0 = Debug|Any CPU
		{E2FC8438-B7F8-4C67-B519-FC8287EC6D41}.Release|Any CPU.ActiveCfg = Release|Any CPU
		{E2FC8438-B7F8-4C67-B519-FC8287EC6D41}.Release|Any CPU.Build.0 = Release|Any CPU
	EndGlobalSection
	GlobalSection(SolutionProperties) = preSolution
		HideSolutionNode = FALSE
	EndGlobalSection
	GlobalSection(ExtensibilityGlobals) = postSolution
		SolutionGuid = {DDEE4029-545A-4C59-8BAD-520C58859CAD}
	EndGlobalSection
EndGlobal
